
Microsoft Visual Studio Solution File, Format Version 12.00
# Visual Studio 15
VisualStudioVersion = 15.0.28307.168
MinimumVisualStudioVersion = 10.0.40219.1
Project("{FAE04EC0-301F-11D3-BF4B-00C04F79EFBC}") = "EightQueensProgram", "EightQueensProgram\EightQueensProgram.csproj", "{7AEFAFD4-2E03-47FF-9D5D-4A1376B826DC}"
EndProject
Global
	GlobalSection(SolutionConfigurationPlatforms) = preSolution
		Debug|Any CPU = Debug|Any CPU
		Release|Any CPU = Release|Any CPU
	EndGlobalSection
	GlobalSection(ProjectConfigurationPlatforms) = postSolution
		{7AEFAFD4-2E03-47FF-9D5D-4A1376B826DC}.Debug|Any CPU.ActiveCfg = Debug|Any CPU
		{7AEFAFD4-2E03-47FF-9D5D-4A1376B826DC}.Debug|Any CPU.Build.0 = Debug|Any CPU
		{7AEFAFD4-2E03-47FF-9D5D-4A1376B826DC}.Release|Any CPU.ActiveCfg = Release|Any CPU
		{7AEFAFD4-2E03-47FF-9D5D-4A1376B826DC}.Release|Any CPU.Build.0 = Release|Any CPU
	EndGlobalSection
	GlobalSection(SolutionProperties) = preSolution
		HideSolutionNode = FALSE
	EndGlobalSection
	GlobalSection(ExtensibilityGlobals) = postSolution
		SolutionGuid = {6061E3F2-E717-4F68-A32B-082CD4449FED}
	EndGlobalSection
EndGlobal
